// !$*UTF8*$!
{
	archiveVersion = 1;
	classes = {
	};
	objectVersion = 50;
	objects = {

/* Begin PBXBuildFile section */
		FA4A3B9A260B927F00776C04 /* BetterRest 1.mlmodel in Sources */ = {isa = PBXBuildFile; fileRef = FA4A3B99260B927F00776C04 /* BetterRest 1.mlmodel */; };
		FA560324260A6F6C00ABAD7F /* HWS_04_BetterRestApp.swift in Sources */ = {isa = PBXBuildFile; fileRef = FA560323260A6F6C00ABAD7F /* HWS_04_BetterRestApp.swift */; };
		FA560326260A6F6C00ABAD7F /* ContentView.swift in Sources */ = {isa = PBXBuildFile; fileRef = FA560325260A6F6C00ABAD7F /* ContentView.swift */; };
		FA560328260A6F6C00ABAD7F /* Assets.xcassets in Resources */ = {isa = PBXBuildFile; fileRef = FA560327260A6F6C00ABAD7F /* Assets.xcassets */; };
		FA56032B260A6F6C00ABAD7F /* Preview Assets.xcassets in Resources */ = {isa = PBXBuildFile; fileRef = FA56032A260A6F6C00ABAD7F /* Preview Assets.xcassets */; };
/* End PBXBuildFile section */

/* Begin PBXFileReference section */
		FA4A3B99260B927F00776C04 /* BetterRest 1.mlmodel */ = {isa = PBXFileReference; lastKnownFileType = file.mlmodel; path = "BetterRest 1.mlmodel"; sourceTree = "<group>"; };
		FA560320260A6F6C00ABAD7F /* HWS-04-BetterRest.app */ = {isa = PBXFileReference; explicitFileType = wrapper.application; includeInIndex = 0; path = "HWS-04-BetterRest.app"; sourceTree = BUILT_PRODUCTS_DIR; };
		FA560323260A6F6C00ABAD7F /* HWS_04_BetterRestApp.swift */ = {isa = PBXFileReference; lastKnownFileType = sourcecode.swift; path = HWS_04_BetterRestApp.swift; sourceTree = "<group>"; };
		FA560325260A6F6C00ABAD7F /* ContentView.swift */ = {isa = PBXFileReference; lastKnownFileType = sourcecode.swift; path = ContentView.swift; sourceTree = "<group>"; };
		FA560327260A6F6C00ABAD7F /* Assets.xcassets */ = {isa = PBXFileReference; lastKnownFileType = folder.assetcatalog; path = Assets.xcassets; sourceTree = "<group>"; };
		FA56032A260A6F6C00ABAD7F /* Preview Assets.xcassets */ = {isa = PBXFileReference; lastKnownFileType = folder.assetcatalog; path = "Preview Assets.xcassets"; sourceTree = "<group>"; };
		FA56032C260A6F6C00ABAD7F /* Info.plist */ = {isa = PBXFileReference; lastKnownFileType = text.plist.xml; path = Info.plist; sourceTree = "<group>"; };
/* End PBXFileReference section */

/* Begin PBXFrameworksBuildPhase section */
		FA56031D260A6F6C00ABAD7F /* Frameworks */ = {
			isa = PBXFrameworksBuildPhase;
			buildActionMask = 2147483647;
			files = (
			);
			runOnlyForDeploymentPostprocessing = 0;
		};
/* End PBXFrameworksBuildPhase section */

/* Begin PBXGroup section */
		FA560317260A6F6C00ABAD7F = {
			isa = PBXGroup;
			children = (
				FA560322260A6F6C00ABAD7F /* HWS-04-BetterRest */,
				FA560321260A6F6C00ABAD7F /* Products */,
			);
			sourceTree = "<group>";
		};
		FA560321260A6F6C00ABAD7F /* Products */ = {
			isa = PBXGroup;
			children = (
				FA560320260A6F6C00ABAD7F /* HWS-04-BetterRest.app */,
			);
			name = Products;
			sourceTree = "<group>";
		};
		FA560322260A6F6C00ABAD7F /* HWS-04-BetterRest */ = {
			isa = PBXGroup;
			children = (
				FA560323260A6F6C00ABAD7F /* HWS_04_BetterRestApp.swift */,
				FA560325260A6F6C00ABAD7F /* ContentView.swift */,
				FA560327260A6F6C00ABAD7F /* Assets.xcassets */,
				FA56032C260A6F6C00ABAD7F /* Info.plist */,
				FA4A3B99260B927F00776C04 /* BetterRest 1.mlmodel */,
				FA560329260A6F6C00ABAD7F /* Preview Content */,
			);
			path = "HWS-04-BetterRest";
			sourceTree = "<group>";
		};
		FA560329260A6F6C00ABAD7F /* Preview Content */ = {
			isa = PBXGroup;
			children = (
				FA56032A260A6F6C00ABAD7F /* Preview Assets.xcassets */,
			);
			path = "Preview Content";
			sourceTree = "<group>";
		};
/* End PBXGroup section */

/* Begin PBXNativeTarget section */
		FA56031F260A6F6C00ABAD7F /* HWS-04-BetterRest */ = {
			isa = PBXNativeTarget;
			buildConfigurationList = FA56032F260A6F6C00ABAD7F /* Build configuration list for PBXNativeTarget "HWS-04-BetterRest" */;
			buildPhases = (
				FA56031C260A6F6C00ABAD7F /* Sources */,
				FA56031D260A6F6C00ABAD7F /* Frameworks */,
				FA56031E260A6F6C00ABAD7F /* Resources */,
			);
			buildRules = (
			);
			dependencies = (
			);
			name = "HWS-04-BetterRest";
			productName = "HWS-04-BetterRest";
			productReference = FA560320260A6F6C00ABAD7F /* HWS-04-BetterRest.app */;
			productType = "com.apple.product-type.application";
		};
/* End PBXNativeTarget section */

/* Begin PBXProject section */
		FA560318260A6F6C00ABAD7F /* Project object */ = {
			isa = PBXProject;
			attributes = {
				LastSwiftUpdateCheck = 1240;
				LastUpgradeCheck = 1240;
				TargetAttributes = {
					FA56031F260A6F6C00ABAD7F = {
						CreatedOnToolsVersion = 12.4;
					};
				};
			};
			buildConfigurationList = FA56031B260A6F6C00ABAD7F /* Build configuration list for PBXProject "HWS-04-BetterRest" */;
			compatibilityVersion = "Xcode 9.3";
			developmentRegion = en;
			hasScannedForEncodings = 0;
			knownRegions = (
				en,
				Base,
			);
			mainGroup = FA560317260A6F6C00ABAD7F;
			productRefGroup = FA560321260A6F6C00ABAD7F /* Products */;
			projectDirPath = "";
			projectRoot = "";
			targets = (
				FA56031F260A6F6C00ABAD7F /* HWS-04-BetterRest */,
			);
		};
/* End PBXProject section */

/* Begin PBXResourcesBuildPhase section */
		FA56031E260A6F6C00ABAD7F /* Resources */ = {
			isa = PBXResourcesBuildPhase;
			buildActionMask = 2147483647;
			files = (
				FA56032B260A6F6C00ABAD7F /* Preview Assets.xcassets in Resources */,
				FA560328260A6F6C00ABAD7F /* Assets.xcassets in Resources */,
			);
			runOnlyForDeploymentPostprocessing = 0;
		};
/* End PBXResourcesBuildPhase section */

/* Begin PBXSourcesBuildPhase section */
		FA56031C260A6F6C00ABAD7F /* Sources */ = {
			isa = PBXSourcesBuildPhase;
			buildActionMask = 2147483647;
			files = (
				FA4A3B9A260B927F00776C04 /* BetterRest 1.mlmodel in Sources */,
				FA560326260A6F6C00ABAD7F /* ContentView.swift in Sources */,
				FA560324260A6F6C00ABAD7F /* HWS_04_BetterRestApp.swift in Sources */,
			);
			runOnlyForDeploymentPostprocessing = 0;
		};
/* End PBXSourcesBuildPhase section */

/* Begin XCBuildConfiguration section */
		FA56032D260A6F6C00ABAD7F /* Debug */ = {
			isa = XCBuildConfiguration;
			buildSettings = {
				ALWAYS_SEARCH_USER_PATHS = NO;
				CLANG_ANALYZER_NONNULL = YES;
				CLANG_ANALYZER_NUMBER_OBJECT_CONVERSION = YES_AGGRESSIVE;
				CLANG_CXX_LANGUAGE_STANDARD = "gnu++14";
				CLANG_CXX_LIBRARY = "libc++";
				CLANG_ENABLE_MODULES = YES;
				CLANG_ENABLE_OBJC_ARC = YES;
				CLANG_ENABLE_OBJC_WEAK = YES;
				CLANG_WARN_BLOCK_CAPTURE_AUTORELEASING = YES;
				CLANG_WARN_BOOL_CONVERSION = YES;
				CLANG_WARN_COMMA = YES;
				CLANG_WARN_CONSTANT_CONVERSION = YES;
				CLANG_WARN_DEPRECATED_OBJC_IMPLEMENTATIONS = YES;
				CLANG_WARN_DIRECT_OBJC_ISA_USAGE = YES_ERROR;
				CLANG_WARN_DOCUMENTATION_COMMENTS = YES;
				CLANG_WARN_EMPTY_BODY = YES;
				CLANG_WARN_ENUM_CONVERSION = YES;
				CLANG_WARN_INFINITE_RECURSION = YES;
				CLANG_WARN_INT_CONVERSION = YES;
				CLANG_WARN_NON_LITERAL_NULL_CONVERSION = YES;
				CLANG_WARN_OBJC_IMPLICIT_RETAIN_SELF = YES;
				CLANG_WARN_OBJC_LITERAL_CONVERSION = YES;
				CLANG_WARN_OBJC_ROOT_CLASS = YES_ERROR;
				CLANG_WARN_QUOTED_INCLUDE_IN_FRAMEWORK_HEADER = YES;
				CLANG_WARN_RANGE_LOOP_ANALYSIS = YES;
				CLANG_WARN_STRICT_PROTOTYPES = YES;
				CLANG_WARN_SUSPICIOUS_MOVE = YES;
				CLANG_WARN_UNGUARDED_AVAILABILITY = YES_AGGRESSIVE;
				CLANG_WARN_UNREACHABLE_CODE = YES;
				CLANG_WARN__DUPLICATE_METHOD_MATCH = YES;
				COPY_PHASE_STRIP = NO;
				DEBUG_INFORMATION_FORMAT = dwarf;
				ENABLE_STRICT_OBJC_MSGSEND = YES;
				ENABLE_TESTABILITY = YES;
				GCC_C_LANGUAGE_STANDARD = gnu11;
				GCC_DYNAMIC_NO_PIC = NO;
				GCC_NO_COMMON_BLOCKS = YES;
				GCC_OPTIMIZATION_LEVEL = 0;
				GCC_PREPROCESSOR_DEFINITIONS = (
					"DEBUG=1",
					"$(inherited)",
				);
				GCC_WARN_64_TO_32_BIT_CONVERSION = YES;
				GCC_WARN_ABOUT_RETURN_TYPE = YES_ERROR;
				GCC_WARN_UNDECLARED_SELECTOR = YES;
				GCC_WARN_UNINITIALIZED_AUTOS = YES_AGGRESSIVE;
				GCC_WARN_UNUSED_FUNCTION = YES;
				GCC_WARN_UNUSED_VARIABLE = YES;
				IPHONEOS_DEPLOYMENT_TARGET = 14.4;
				MTL_ENABLE_DEBUG_INFO = INCLUDE_SOURCE;
				MTL_FAST_MATH = YES;
				ONLY_ACTIVE_ARCH = YES;
				SDKROOT = iphoneos;
				SWIFT_ACTIVE_COMPILATION_CONDITIONS = DEBUG;
				SWIFT_OPTIMIZATION_LEVEL = "-Onone";
			};
			name = Debug;
		};
		FA56032E260A6F6C00ABAD7F /* Release */ = {
			isa = XCBuildConfiguration;
			buildSettings = {
				ALWAYS_SEARCH_USER_PATHS = NO;
				CLANG_ANALYZER_NONNULL = YES;
				CLANG_ANALYZER_NUMBER_OBJECT_CONVERSION = YES_AGGRESSIVE;
				CLANG_CXX_LANGUAGE_STANDARD = "gnu++14";
				CLANG_CXX_LIBRARY = "libc++";
				CLANG_ENABLE_MODULES = YES;
				CLANG_ENABLE_OBJC_ARC = YES;
				CLANG_ENABLE_OBJC_WEAK = YES;
				CLANG_WARN_BLOCK_CAPTURE_AUTORELEASING = YES;
				CLANG_WARN_BOOL_CONVERSION = YES;
				CLANG_WARN_COMMA = YES;
				CLANG_WARN_CONSTANT_CONVERSION = YES;
				CLANG_WARN_DEPRECATED_OBJC_IMPLEMENTATIONS = YES;
				CLANG_WARN_DIRECT_OBJC_ISA_USAGE = YES_ERROR;
				CLANG_WARN_DOCUMENTATION_COMMENTS = YES;
				CLANG_WARN_EMPTY_BODY = YES;
				CLANG_WARN_ENUM_CONVERSION = YES;
				CLANG_WARN_INFINITE_RECURSION = YES;
				CLANG_WARN_INT_CONVERSION = YES;
				CLANG_WARN_NON_LITERAL_NULL_CONVERSION = YES;
				CLANG_WARN_OBJC_IMPLICIT_RETAIN_SELF = YES;
				CLANG_WARN_OBJC_LITERAL_CONVERSION = YES;
				CLANG_WARN_OBJC_ROOT_CLASS = YES_ERROR;
				CLANG_WARN_QUOTED_INCLUDE_IN_FRAMEWORK_HEADER = YES;
				CLANG_WARN_RANGE_LOOP_ANALYSIS = YES;
				CLANG_WARN_STRICT_PROTOTYPES = YES;
				CLANG_WARN_SUSPICIOUS_MOVE = YES;
				CLANG_WARN_UNGUARDED_AVAILABILITY = YES_AGGRESSIVE;
				CLANG_WARN_UNREACHABLE_CODE = YES;
				CLANG_WARN__DUPLICATE_METHOD_MATCH = YES;
				COPY_PHASE_STRIP = NO;
				DEBUG_INFORMATION_FORMAT = "dwarf-with-dsym";
				ENABLE_NS_ASSERTIONS = NO;
				ENABLE_STRICT_OBJC_MSGSEND = YES;
				GCC_C_LANGUAGE_STANDARD = gnu11;
				GCC_NO_COMMON_BLOCKS = YES;
				GCC_WARN_64_TO_32_BIT_CONVERSION = YES;
				GCC_WARN_ABOUT_RETURN_TYPE = YES_ERROR;
				GCC_WARN_UNDECLARED_SELECTOR = YES;
				GCC_WARN_UNINITIALIZED_AUTOS = YES_AGGRESSIVE;
				GCC_WARN_UNUSED_FUNCTION = YES;
				GCC_WARN_UNUSED_VARIABLE = YES;
				IPHONEOS_DEPLOYMENT_TARGET = 14.4;
				MTL_ENABLE_DEBUG_INFO = NO;
				MTL_FAST_MATH = YES;
				SDKROOT = iphoneos;
				SWIFT_COMPILATION_MODE = wholemodule;
				SWIFT_OPTIMIZATION_LEVEL = "-O";
				VALIDATE_PRODUCT = YES;
			};
			name = Release;
		};
		FA560330260A6F6C00ABAD7F /* Debug */ = {
			isa = XCBuildConfiguration;
			buildSettings = {
				ASSETCATALOG_COMPILER_APPICON_NAME = AppIcon;
				ASSETCATALOG_COMPILER_GLOBAL_ACCENT_COLOR_NAME = AccentColor;
				CODE_SIGN_STYLE = Automatic;
				DEVELOPMENT_ASSET_PATHS = "\"HWS-04-BetterRest/Preview Content\"";
				DEVELOPMENT_TEAM = 5V98Z8U43N;
				ENABLE_PREVIEWS = YES;
				INFOPLIST_FILE = "HWS-04-BetterRest/Info.plist";
				IPHONEOS_DEPLOYMENT_TARGET = 14.0;
				LD_RUNPATH_SEARCH_PATHS = (
					"$(inherited)",
					"@executable_path/Frameworks",
				);
				PRODUCT_BUNDLE_IDENTIFIER = "Manuel-Casocavallo.HWS-04-BetterRest";
				PRODUCT_NAME = "$(TARGET_NAME)";
				SWIFT_VERSION = 5.0;
				TARGETED_DEVICE_FAMILY = "1,2";
			};
			name = Debug;
		};
		FA560331260A6F6C00ABAD7F /* Release */ = {
			isa = XCBuildConfiguration;
			buildSettings = {
				ASSETCATALOG_COMPILER_APPICON_NAME = AppIcon;
				ASSETCATALOG_COMPILER_GLOBAL_ACCENT_COLOR_NAME = AccentColor;
				CODE_SIGN_STYLE = Automatic;
				DEVELOPMENT_ASSET_PATHS = "\"HWS-04-BetterRest/Preview Content\"";
				DEVELOPMENT_TEAM = 5V98Z8U43N;
				ENABLE_PREVIEWS = YES;
				INFOPLIST_FILE = "HWS-04-BetterRest/Info.plist";
				IPHONEOS_DEPLOYMENT_TARGET = 14.0;
				LD_RUNPATH_SEARCH_PATHS = (
					"$(inherited)",
					"@executable_path/Frameworks",
				);
				PRODUCT_BUNDLE_IDENTIFIER = "Manuel-Casocavallo.HWS-04-BetterRest";
				PRODUCT_NAME = "$(TARGET_NAME)";
				SWIFT_VERSION = 5.0;
				TARGETED_DEVICE_FAMILY = "1,2";
			};
			name = Release;
		};
/* End XCBuildConfiguration section */

/* Begin XCConfigurationList section */
		FA56031B260A6F6C00ABAD7F /* Build configuration list for PBXProject "HWS-04-BetterRest" */ = {
			isa = XCConfigurationList;
			buildConfigurations = (
				FA56032D260A6F6C00ABAD7F /* Debug */,
				FA56032E260A6F6C00ABAD7F /* Release */,
			);
			defaultConfigurationIsVisible = 0;
			defaultConfigurationName = Release;
		};
		FA56032F260A6F6C00ABAD7F /* Build configuration list for PBXNativeTarget "HWS-04-BetterRest" */ = {
			isa = XCConfigurationList;
			buildConfigurations = (
				FA560330260A6F6C00ABAD7F /* Debug */,
				FA560331260A6F6C00ABAD7F /* Release */,
			);
			defaultConfigurationIsVisible = 0;
			defaultConfigurationName = Release;
		};
/* End XCConfigurationList section */
	};
	rootObject = FA560318260A6F6C00ABAD7F /* Project object */;
}
